// !$*UTF8*$!
{
	archiveVersion = 1;
	classes = {
	};
	objectVersion = 46;
	objects = {

/* Begin PBXBuildFile section */
		A9EDA3A898E846EA3C5B382A /* Pods.framework in Frameworks */ = {isa = PBXBuildFile; fileRef = 4CADC128E266DAE72B94AF54 /* Pods.framework */; };
		B929D9D71C66BD1B00D1D9F1 /* GoogleSignIn.framework in Frameworks */ = {isa = PBXBuildFile; fileRef = B929D9D51C66BD1B00D1D9F1 /* GoogleSignIn.framework */; };
		B929D9D91C66BD5000D1D9F1 /* GoogleSignIn.bundle in Resources */ = {isa = PBXBuildFile; fileRef = B929D9D81C66BD5000D1D9F1 /* GoogleSignIn.bundle */; };
		B929D9DB1C66BD8300D1D9F1 /* AddressBook.framework in Frameworks */ = {isa = PBXBuildFile; fileRef = B929D9DA1C66BD8300D1D9F1 /* AddressBook.framework */; };
		B929D9DD1C66BD8A00D1D9F1 /* StoreKit.framework in Frameworks */ = {isa = PBXBuildFile; fileRef = B929D9DC1C66BD8A00D1D9F1 /* StoreKit.framework */; };
		B929D9DF1C66BE8C00D1D9F1 /* GoogleService-Info.plist in Resources */ = {isa = PBXBuildFile; fileRef = B929D9DE1C66BE8C00D1D9F1 /* GoogleService-Info.plist */; };
		B96517351C6672A10071F79A /* AppDelegate.swift in Sources */ = {isa = PBXBuildFile; fileRef = B96517341C6672A10071F79A /* AppDelegate.swift */; };
		B965173A1C6672A10071F79A /* Main.storyboard in Resources */ = {isa = PBXBuildFile; fileRef = B96517381C6672A10071F79A /* Main.storyboard */; };
		B965173C1C6672A10071F79A /* Assets.xcassets in Resources */ = {isa = PBXBuildFile; fileRef = B965173B1C6672A10071F79A /* Assets.xcassets */; };
		B965173F1C6672A10071F79A /* LaunchScreen.storyboard in Resources */ = {isa = PBXBuildFile; fileRef = B965173D1C6672A10071F79A /* LaunchScreen.storyboard */; };
		B9D9FCBF1C66A66800A54E40 /* libicucore.tbd in Frameworks */ = {isa = PBXBuildFile; fileRef = B9D9FCBE1C66A66800A54E40 /* libicucore.tbd */; };
		B9D9FCC11C66A67300A54E40 /* libc++.tbd in Frameworks */ = {isa = PBXBuildFile; fileRef = B9D9FCC01C66A67300A54E40 /* libc++.tbd */; };
		B9D9FCC31C66A67C00A54E40 /* CFNetwork.framework in Frameworks */ = {isa = PBXBuildFile; fileRef = B9D9FCC21C66A67C00A54E40 /* CFNetwork.framework */; };
		B9D9FCC51C66A68400A54E40 /* Security.framework in Frameworks */ = {isa = PBXBuildFile; fileRef = B9D9FCC41C66A68400A54E40 /* Security.framework */; };
		B9D9FCC71C66A68B00A54E40 /* SystemConfiguration.framework in Frameworks */ = {isa = PBXBuildFile; fileRef = B9D9FCC61C66A68B00A54E40 /* SystemConfiguration.framework */; };
		B9D9FCC91C66A69F00A54E40 /* Firebase.framework in Frameworks */ = {isa = PBXBuildFile; fileRef = B9D9FCC81C66A69F00A54E40 /* Firebase.framework */; };
		B9DA58FD1C66D50E00BBD403 /* LoginViewController.swift in Sources */ = {isa = PBXBuildFile; fileRef = B9DA58FC1C66D50E00BBD403 /* LoginViewController.swift */; };
		B9DA58FF1C66D52100BBD403 /* GettingStartedViewController.swift in Sources */ = {isa = PBXBuildFile; fileRef = B9DA58FE1C66D52100BBD403 /* GettingStartedViewController.swift */; };
		B9DA59011C66D53000BBD403 /* HomeViewController.swift in Sources */ = {isa = PBXBuildFile; fileRef = B9DA59001C66D53000BBD403 /* HomeViewController.swift */; };
		B9DA59031C66D64B00BBD403 /* Constants.swift in Sources */ = {isa = PBXBuildFile; fileRef = B9DA59021C66D64B00BBD403 /* Constants.swift */; };
		B9E763921C66C59B003881DA /* libz.tbd in Frameworks */ = {isa = PBXBuildFile; fileRef = B9E763911C66C59B003881DA /* libz.tbd */; };
/* End PBXBuildFile section */

/* Begin PBXFileReference section */
		45F474FF57E5EE5C3534714C /* Pods.release.xcconfig */ = {isa = PBXFileReference; includeInIndex = 1; lastKnownFileType = text.xcconfig; name = Pods.release.xcconfig; path = "Pods/Target Support Files/Pods/Pods.release.xcconfig"; sourceTree = "<group>"; };
		4CADC128E266DAE72B94AF54 /* Pods.framework */ = {isa = PBXFileReference; explicitFileType = wrapper.framework; includeInIndex = 0; path = Pods.framework; sourceTree = BUILT_PRODUCTS_DIR; };
		B929D9D51C66BD1B00D1D9F1 /* GoogleSignIn.framework */ = {isa = PBXFileReference; lastKnownFileType = wrapper.framework; name = GoogleSignIn.framework; path = ClassRecommender/GoogleSignIn.framework; sourceTree = "<group>"; };
		B929D9D81C66BD5000D1D9F1 /* GoogleSignIn.bundle */ = {isa = PBXFileReference; lastKnownFileType = "wrapper.plug-in"; name = GoogleSignIn.bundle; path = ClassRecommender/GoogleSignIn.bundle; sourceTree = "<group>"; };
		B929D9DA1C66BD8300D1D9F1 /* AddressBook.framework */ = {isa = PBXFileReference; lastKnownFileType = wrapper.framework; name = AddressBook.framework; path = System/Library/Frameworks/AddressBook.framework; sourceTree = SDKROOT; };
		B929D9DC1C66BD8A00D1D9F1 /* StoreKit.framework */ = {isa = PBXFileReference; lastKnownFileType = wrapper.framework; name = StoreKit.framework; path = System/Library/Frameworks/StoreKit.framework; sourceTree = SDKROOT; };
		B929D9DE1C66BE8C00D1D9F1 /* GoogleService-Info.plist */ = {isa = PBXFileReference; fileEncoding = 4; lastKnownFileType = text.plist.xml; path = "GoogleService-Info.plist"; sourceTree = "<group>"; };
		B929D9E01C66BF6B00D1D9F1 /* BridgingHeader.h */ = {isa = PBXFileReference; lastKnownFileType = sourcecode.c.h; path = BridgingHeader.h; sourceTree = "<group>"; };
		B96517311C6672A10071F79A /* ClassRecommender.app */ = {isa = PBXFileReference; explicitFileType = wrapper.application; includeInIndex = 0; path = ClassRecommender.app; sourceTree = BUILT_PRODUCTS_DIR; };
		B96517341C6672A10071F79A /* AppDelegate.swift */ = {isa = PBXFileReference; lastKnownFileType = sourcecode.swift; path = AppDelegate.swift; sourceTree = "<group>"; };
		B96517391C6672A10071F79A /* Base */ = {isa = PBXFileReference; lastKnownFileType = file.storyboard; name = Base; path = Base.lproj/Main.storyboard; sourceTree = "<group>"; };
		B965173B1C6672A10071F79A /* Assets.xcassets */ = {isa = PBXFileReference; lastKnownFileType = folder.assetcatalog; path = Assets.xcassets; sourceTree = "<group>"; };
		B965173E1C6672A10071F79A /* Base */ = {isa = PBXFileReference; lastKnownFileType = file.storyboard; name = Base; path = Base.lproj/LaunchScreen.storyboard; sourceTree = "<group>"; };
		B96517401C6672A10071F79A /* Info.plist */ = {isa = PBXFileReference; lastKnownFileType = text.plist.xml; path = Info.plist; sourceTree = "<group>"; };
		B9D9FCBE1C66A66800A54E40 /* libicucore.tbd */ = {isa = PBXFileReference; lastKnownFileType = "sourcecode.text-based-dylib-definition"; name = libicucore.tbd; path = usr/lib/libicucore.tbd; sourceTree = SDKROOT; };
		B9D9FCC01C66A67300A54E40 /* libc++.tbd */ = {isa = PBXFileReference; lastKnownFileType = "sourcecode.text-based-dylib-definition"; name = "libc++.tbd"; path = "usr/lib/libc++.tbd"; sourceTree = SDKROOT; };
		B9D9FCC21C66A67C00A54E40 /* CFNetwork.framework */ = {isa = PBXFileReference; lastKnownFileType = wrapper.framework; name = CFNetwork.framework; path = System/Library/Frameworks/CFNetwork.framework; sourceTree = SDKROOT; };
		B9D9FCC41C66A68400A54E40 /* Security.framework */ = {isa = PBXFileReference; lastKnownFileType = wrapper.framework; name = Security.framework; path = System/Library/Frameworks/Security.framework; sourceTree = SDKROOT; };
		B9D9FCC61C66A68B00A54E40 /* SystemConfiguration.framework */ = {isa = PBXFileReference; lastKnownFileType = wrapper.framework; name = SystemConfiguration.framework; path = System/Library/Frameworks/SystemConfiguration.framework; sourceTree = SDKROOT; };
		B9D9FCC81C66A69F00A54E40 /* Firebase.framework */ = {isa = PBXFileReference; lastKnownFileType = wrapper.framework; name = Firebase.framework; path = ClassRecommender/Firebase.framework; sourceTree = "<group>"; };
		B9DA58FC1C66D50E00BBD403 /* LoginViewController.swift */ = {isa = PBXFileReference; fileEncoding = 4; lastKnownFileType = sourcecode.swift; path = LoginViewController.swift; sourceTree = "<group>"; };
		B9DA58FE1C66D52100BBD403 /* GettingStartedViewController.swift */ = {isa = PBXFileReference; fileEncoding = 4; lastKnownFileType = sourcecode.swift; path = GettingStartedViewController.swift; sourceTree = "<group>"; };
		B9DA59001C66D53000BBD403 /* HomeViewController.swift */ = {isa = PBXFileReference; fileEncoding = 4; lastKnownFileType = sourcecode.swift; path = HomeViewController.swift; sourceTree = "<group>"; };
		B9DA59021C66D64B00BBD403 /* Constants.swift */ = {isa = PBXFileReference; fileEncoding = 4; lastKnownFileType = sourcecode.swift; path = Constants.swift; sourceTree = "<group>"; };
		B9E763911C66C59B003881DA /* libz.tbd */ = {isa = PBXFileReference; lastKnownFileType = "sourcecode.text-based-dylib-definition"; name = libz.tbd; path = usr/lib/libz.tbd; sourceTree = SDKROOT; };
		D1430A63C2DFC465096E3E04 /* Pods.debug.xcconfig */ = {isa = PBXFileReference; includeInIndex = 1; lastKnownFileType = text.xcconfig; name = Pods.debug.xcconfig; path = "Pods/Target Support Files/Pods/Pods.debug.xcconfig"; sourceTree = "<group>"; };
/* End PBXFileReference section */

/* Begin PBXFrameworksBuildPhase section */
		B965172E1C6672A10071F79A /* Frameworks */ = {
			isa = PBXFrameworksBuildPhase;
			buildActionMask = 2147483647;
			files = (
				B9E763921C66C59B003881DA /* libz.tbd in Frameworks */,
				B929D9DD1C66BD8A00D1D9F1 /* StoreKit.framework in Frameworks */,
				B929D9DB1C66BD8300D1D9F1 /* AddressBook.framework in Frameworks */,
				B929D9D71C66BD1B00D1D9F1 /* GoogleSignIn.framework in Frameworks */,
				B9D9FCC91C66A69F00A54E40 /* Firebase.framework in Frameworks */,
				B9D9FCC71C66A68B00A54E40 /* SystemConfiguration.framework in Frameworks */,
				B9D9FCC51C66A68400A54E40 /* Security.framework in Frameworks */,
				B9D9FCC31C66A67C00A54E40 /* CFNetwork.framework in Frameworks */,
				B9D9FCC11C66A67300A54E40 /* libc++.tbd in Frameworks */,
				B9D9FCBF1C66A66800A54E40 /* libicucore.tbd in Frameworks */,
				A9EDA3A898E846EA3C5B382A /* Pods.framework in Frameworks */,
			);
			runOnlyForDeploymentPostprocessing = 0;
		};
/* End PBXFrameworksBuildPhase section */

/* Begin PBXGroup section */
		05D2DFDFBC16F96DF97D8CD9 /* Pods */ = {
			isa = PBXGroup;
			children = (
				D1430A63C2DFC465096E3E04 /* Pods.debug.xcconfig */,
				45F474FF57E5EE5C3534714C /* Pods.release.xcconfig */,
			);
			name = Pods;
			sourceTree = "<group>";
		};
		B96517281C6672A10071F79A = {
			isa = PBXGroup;
			children = (
				B9D9FCCA1C66A6B000A54E40 /* Frameworks */,
				B96517331C6672A10071F79A /* ClassRecommender */,
				B96517321C6672A10071F79A /* Products */,
				05D2DFDFBC16F96DF97D8CD9 /* Pods */,
			);
			sourceTree = "<group>";
		};
		B96517321C6672A10071F79A /* Products */ = {
			isa = PBXGroup;
			children = (
				B96517311C6672A10071F79A /* ClassRecommender.app */,
			);
			name = Products;
			sourceTree = "<group>";
		};
		B96517331C6672A10071F79A /* ClassRecommender */ = {
			isa = PBXGroup;
			children = (
				B96517341C6672A10071F79A /* AppDelegate.swift */,
				B9DA59061C6705C300BBD403 /* Storyboards */,
				B9DA59041C6705B600BBD403 /* View Controllers */,
				B9DA59051C6705BC00BBD403 /* Constants */,
				B9DA59071C6705CA00BBD403 /* Supporting Files */,
				B965173B1C6672A10071F79A /* Assets.xcassets */,
			);
			path = ClassRecommender;
			sourceTree = "<group>";
		};
		B9D9FCCA1C66A6B000A54E40 /* Frameworks */ = {
			isa = PBXGroup;
			children = (
				B9E763911C66C59B003881DA /* libz.tbd */,
				B929D9DC1C66BD8A00D1D9F1 /* StoreKit.framework */,
				B929D9DA1C66BD8300D1D9F1 /* AddressBook.framework */,
				B929D9D51C66BD1B00D1D9F1 /* GoogleSignIn.framework */,
				B9D9FCC81C66A69F00A54E40 /* Firebase.framework */,
				B9D9FCC61C66A68B00A54E40 /* SystemConfiguration.framework */,
				B9D9FCC41C66A68400A54E40 /* Security.framework */,
				B9D9FCC21C66A67C00A54E40 /* CFNetwork.framework */,
				B9D9FCC01C66A67300A54E40 /* libc++.tbd */,
				B9D9FCBE1C66A66800A54E40 /* libicucore.tbd */,
				B929D9D81C66BD5000D1D9F1 /* GoogleSignIn.bundle */,
				4CADC128E266DAE72B94AF54 /* Pods.framework */,
			);
			name = Frameworks;
			sourceTree = "<group>";
		};
		B9DA59041C6705B600BBD403 /* View Controllers */ = {
			isa = PBXGroup;
			children = (
				B9DA58FC1C66D50E00BBD403 /* LoginViewController.swift */,
				B9DA58FE1C66D52100BBD403 /* GettingStartedViewController.swift */,
				B9DA59001C66D53000BBD403 /* HomeViewController.swift */,
			);
			name = "View Controllers";
			sourceTree = "<group>";
		};
		B9DA59051C6705BC00BBD403 /* Constants */ = {
			isa = PBXGroup;
			children = (
				B9DA59021C66D64B00BBD403 /* Constants.swift */,
			);
			name = Constants;
			sourceTree = "<group>";
		};
		B9DA59061C6705C300BBD403 /* Storyboards */ = {
			isa = PBXGroup;
			children = (
				B96517381C6672A10071F79A /* Main.storyboard */,
				B965173D1C6672A10071F79A /* LaunchScreen.storyboard */,
			);
			name = Storyboards;
			sourceTree = "<group>";
		};
		B9DA59071C6705CA00BBD403 /* Supporting Files */ = {
			isa = PBXGroup;
			children = (
				B929D9E01C66BF6B00D1D9F1 /* BridgingHeader.h */,
				B929D9DE1C66BE8C00D1D9F1 /* GoogleService-Info.plist */,
				B96517401C6672A10071F79A /* Info.plist */,
			);
			name = "Supporting Files";
			sourceTree = "<group>";
		};
/* End PBXGroup section */

/* Begin PBXNativeTarget section */
		B96517301C6672A10071F79A /* ClassRecommender */ = {
			isa = PBXNativeTarget;
			buildConfigurationList = B96517431C6672A10071F79A /* Build configuration list for PBXNativeTarget "ClassRecommender" */;
			buildPhases = (
				5CC62AEC55ECD2260C29B3D0 /* Check Pods Manifest.lock */,
				B965172D1C6672A10071F79A /* Sources */,
				B965172E1C6672A10071F79A /* Frameworks */,
				B965172F1C6672A10071F79A /* Resources */,
				0D327D78131E4EC180E2D023 /* Embed Pods Frameworks */,
				F453A030E96AA7A1AE1F7FC6 /* Copy Pods Resources */,
			);
			buildRules = (
			);
			dependencies = (
			);
			name = ClassRecommender;
			productName = ClassRecommender;
			productReference = B96517311C6672A10071F79A /* ClassRecommender.app */;
			productType = "com.apple.product-type.application";
		};
/* End PBXNativeTarget section */

/* Begin PBXProject section */
		B96517291C6672A10071F79A /* Project object */ = {
			isa = PBXProject;
			attributes = {
				LastSwiftUpdateCheck = 0720;
				LastUpgradeCheck = 0720;
				ORGANIZATIONNAME = "Louisa Conwill";
				TargetAttributes = {
					B96517301C6672A10071F79A = {
						CreatedOnToolsVersion = 7.2.1;
					};
				};
			};
			buildConfigurationList = B965172C1C6672A10071F79A /* Build configuration list for PBXProject "ClassRecommender" */;
			compatibilityVersion = "Xcode 3.2";
			developmentRegion = English;
			hasScannedForEncodings = 0;
			knownRegions = (
				en,
				Base,
			);
			mainGroup = B96517281C6672A10071F79A;
			productRefGroup = B96517321C6672A10071F79A /* Products */;
			projectDirPath = "";
			projectRoot = "";
			targets = (
				B96517301C6672A10071F79A /* ClassRecommender */,
			);
		};
/* End PBXProject section */

/* Begin PBXResourcesBuildPhase section */
		B965172F1C6672A10071F79A /* Resources */ = {
			isa = PBXResourcesBuildPhase;
			buildActionMask = 2147483647;
			files = (
				B929D9D91C66BD5000D1D9F1 /* GoogleSignIn.bundle in Resources */,
				B965173F1C6672A10071F79A /* LaunchScreen.storyboard in Resources */,
				B929D9DF1C66BE8C00D1D9F1 /* GoogleService-Info.plist in Resources */,
				B965173C1C6672A10071F79A /* Assets.xcassets in Resources */,
				B965173A1C6672A10071F79A /* Main.storyboard in Resources */,
			);
			runOnlyForDeploymentPostprocessing = 0;
		};
/* End PBXResourcesBuildPhase section */

/* Begin PBXShellScriptBuildPhase section */
		0D327D78131E4EC180E2D023 /* Embed Pods Frameworks */ = {
			isa = PBXShellScriptBuildPhase;
			buildActionMask = 2147483647;
			files = (
			);
			inputPaths = (
			);
			name = "Embed Pods Frameworks";
			outputPaths = (
			);
			runOnlyForDeploymentPostprocessing = 0;
			shellPath = /bin/sh;
			shellScript = "\"${SRCROOT}/Pods/Target Support Files/Pods/Pods-frameworks.sh\"\n";
			showEnvVarsInLog = 0;
		};
		5CC62AEC55ECD2260C29B3D0 /* Check Pods Manifest.lock */ = {
			isa = PBXShellScriptBuildPhase;
			buildActionMask = 2147483647;
			files = (
			);
			inputPaths = (
			);
			name = "Check Pods Manifest.lock";
			outputPaths = (
			);
			runOnlyForDeploymentPostprocessing = 0;
			shellPath = /bin/sh;
			shellScript = "diff \"${PODS_ROOT}/../Podfile.lock\" \"${PODS_ROOT}/Manifest.lock\" > /dev/null\nif [[ $? != 0 ]] ; then\n    cat << EOM\nerror: The sandbox is not in sync with the Podfile.lock. Run 'pod install' or update your CocoaPods installation.\nEOM\n    exit 1\nfi\n";
			showEnvVarsInLog = 0;
		};
		F453A030E96AA7A1AE1F7FC6 /* Copy Pods Resources */ = {
			isa = PBXShellScriptBuildPhase;
			buildActionMask = 2147483647;
			files = (
			);
			inputPaths = (
			);
			name = "Copy Pods Resources";
			outputPaths = (
			);
			runOnlyForDeploymentPostprocessing = 0;
			shellPath = /bin/sh;
			shellScript = "\"${SRCROOT}/Pods/Target Support Files/Pods/Pods-resources.sh\"\n";
			showEnvVarsInLog = 0;
		};
/* End PBXShellScriptBuildPhase section */

/* Begin PBXSourcesBuildPhase section */
		B965172D1C6672A10071F79A /* Sources */ = {
			isa = PBXSourcesBuildPhase;
			buildActionMask = 2147483647;
			files = (
				B9DA59011C66D53000BBD403 /* HomeViewController.swift in Sources */,
				B9DA58FD1C66D50E00BBD403 /* LoginViewController.swift in Sources */,
				B9DA58FF1C66D52100BBD403 /* GettingStartedViewController.swift in Sources */,
				B96517351C6672A10071F79A /* AppDelegate.swift in Sources */,
				B9DA59031C66D64B00BBD403 /* Constants.swift in Sources */,
			);
			runOnlyForDeploymentPostprocessing = 0;
		};
/* End PBXSourcesBuildPhase section */

/* Begin PBXVariantGroup section */
		B96517381C6672A10071F79A /* Main.storyboard */ = {
			isa = PBXVariantGroup;
			children = (
				B96517391C6672A10071F79A /* Base */,
			);
			name = Main.storyboard;
			sourceTree = "<group>";
		};
		B965173D1C6672A10071F79A /* LaunchScreen.storyboard */ = {
			isa = PBXVariantGroup;
			children = (
				B965173E1C6672A10071F79A /* Base */,
			);
			name = LaunchScreen.storyboard;
			sourceTree = "<group>";
		};
/* End PBXVariantGroup section */

/* Begin XCBuildConfiguration section */
		B96517411C6672A10071F79A /* Debug */ = {
			isa = XCBuildConfiguration;
			buildSettings = {
				ALWAYS_SEARCH_USER_PATHS = NO;
				CLANG_CXX_LANGUAGE_STANDARD = "gnu++0x";
				CLANG_CXX_LIBRARY = "libc++";
				CLANG_ENABLE_MODULES = YES;
				CLANG_ENABLE_OBJC_ARC = YES;
				CLANG_WARN_BOOL_CONVERSION = YES;
				CLANG_WARN_CONSTANT_CONVERSION = YES;
				CLANG_WARN_DIRECT_OBJC_ISA_USAGE = YES_ERROR;
				CLANG_WARN_EMPTY_BODY = YES;
				CLANG_WARN_ENUM_CONVERSION = YES;
				CLANG_WARN_INT_CONVERSION = YES;
				CLANG_WARN_OBJC_ROOT_CLASS = YES_ERROR;
				CLANG_WARN_UNREACHABLE_CODE = YES;
				CLANG_WARN__DUPLICATE_METHOD_MATCH = YES;
				"CODE_SIGN_IDENTITY[sdk=iphoneos*]" = "iPhone Developer";
				COPY_PHASE_STRIP = NO;
				DEBUG_INFORMATION_FORMAT = dwarf;
				ENABLE_STRICT_OBJC_MSGSEND = YES;
				ENABLE_TESTABILITY = YES;
				GCC_C_LANGUAGE_STANDARD = gnu99;
				GCC_DYNAMIC_NO_PIC = NO;
				GCC_NO_COMMON_BLOCKS = YES;
				GCC_OPTIMIZATION_LEVEL = 0;
				GCC_PREPROCESSOR_DEFINITIONS = (
					"DEBUG=1",
					"$(inherited)",
				);
				GCC_WARN_64_TO_32_BIT_CONVERSION = YES;
				GCC_WARN_ABOUT_RETURN_TYPE = YES_ERROR;
				GCC_WARN_UNDECLARED_SELECTOR = YES;
				GCC_WARN_UNINITIALIZED_AUTOS = YES_AGGRESSIVE;
				GCC_WARN_UNUSED_FUNCTION = YES;
				GCC_WARN_UNUSED_VARIABLE = YES;
				IPHONEOS_DEPLOYMENT_TARGET = 9.2;
				MTL_ENABLE_DEBUG_INFO = YES;
				ONLY_ACTIVE_ARCH = YES;
				SDKROOT = iphoneos;
				SWIFT_OPTIMIZATION_LEVEL = "-Onone";
				TARGETED_DEVICE_FAMILY = "1,2";
			};
			name = Debug;
		};
		B96517421C6672A10071F79A /* Release */ = {
			isa = XCBuildConfiguration;
			buildSettings = {
				ALWAYS_SEARCH_USER_PATHS = NO;
				CLANG_CXX_LANGUAGE_STANDARD = "gnu++0x";
				CLANG_CXX_LIBRARY = "libc++";
				CLANG_ENABLE_MODULES = YES;
				CLANG_ENABLE_OBJC_ARC = YES;
				CLANG_WARN_BOOL_CONVERSION = YES;
				CLANG_WARN_CONSTANT_CONVERSION = YES;
				CLANG_WARN_DIRECT_OBJC_ISA_USAGE = YES_ERROR;
				CLANG_WARN_EMPTY_BODY = YES;
				CLANG_WARN_ENUM_CONVERSION = YES;
				CLANG_WARN_INT_CONVERSION = YES;
				CLANG_WARN_OBJC_ROOT_CLASS = YES_ERROR;
				CLANG_WARN_UNREACHABLE_CODE = YES;
				CLANG_WARN__DUPLICATE_METHOD_MATCH = YES;
				"CODE_SIGN_IDENTITY[sdk=iphoneos*]" = "iPhone Developer";
				COPY_PHASE_STRIP = NO;
				DEBUG_INFORMATION_FORMAT = "dwarf-with-dsym";
				ENABLE_NS_ASSERTIONS = NO;
				ENABLE_STRICT_OBJC_MSGSEND = YES;
				GCC_C_LANGUAGE_STANDARD = gnu99;
				GCC_NO_COMMON_BLOCKS = YES;
				GCC_WARN_64_TO_32_BIT_CONVERSION = YES;
				GCC_WARN_ABOUT_RETURN_TYPE = YES_ERROR;
				GCC_WARN_UNDECLARED_SELECTOR = YES;
				GCC_WARN_UNINITIALIZED_AUTOS = YES_AGGRESSIVE;
				GCC_WARN_UNUSED_FUNCTION = YES;
				GCC_WARN_UNUSED_VARIABLE = YES;
				IPHONEOS_DEPLOYMENT_TARGET = 9.2;
				MTL_ENABLE_DEBUG_INFO = NO;
				SDKROOT = iphoneos;
				TARGETED_DEVICE_FAMILY = "1,2";
				VALIDATE_PRODUCT = YES;
			};
			name = Release;
		};
		B96517441C6672A10071F79A /* Debug */ = {
			isa = XCBuildConfiguration;
			baseConfigurationReference = D1430A63C2DFC465096E3E04 /* Pods.debug.xcconfig */;
			buildSettings = {
				ARCHS = "$(ARCHS_STANDARD)";
				ASSETCATALOG_COMPILER_APPICON_NAME = AppIcon;
				FRAMEWORK_SEARCH_PATHS = (
					"$(inherited)",
					"$(PROJECT_DIR)/ClassRecommender",
				);
				INFOPLIST_FILE = ClassRecommender/Info.plist;
				LD_RUNPATH_SEARCH_PATHS = "$(inherited) @executable_path/Frameworks";
				OTHER_LDFLAGS = (
					"$(OTHER_LDFLAGS)",
					"-ObjC",
				);
				PRODUCT_BUNDLE_IDENTIFIER = "KLSS-V.ClassRecommender";
				PRODUCT_NAME = "$(TARGET_NAME)";
				SWIFT_OBJC_BRIDGING_HEADER = ClassRecommender/BridgingHeader.h;
			};
			name = Debug;
		};
		B96517451C6672A10071F79A /* Release */ = {
			isa = XCBuildConfiguration;
			baseConfigurationReference = 45F474FF57E5EE5C3534714C /* Pods.release.xcconfig */;
			buildSettings = {
				ARCHS = "$(ARCHS_STANDARD)";
				ASSETCATALOG_COMPILER_APPICON_NAME = AppIcon;
				FRAMEWORK_SEARCH_PATHS = (
					"$(inherited)",
					"$(PROJECT_DIR)/ClassRecommender",
				);
				INFOPLIST_FILE = ClassRecommender/Info.plist;
				LD_RUNPATH_SEARCH_PATHS = "$(inherited) @executable_path/Frameworks";
				OTHER_LDFLAGS = (
					"$(OTHER_LDFLAGS)",
					"-ObjC",
				);
				PRODUCT_BUNDLE_IDENTIFIER = "KLSS-V.ClassRecommender";
				PRODUCT_NAME = "$(TARGET_NAME)";
				SWIFT_OBJC_BRIDGING_HEADER = ClassRecommender/BridgingHeader.h;
			};
			name = Release;
		};
/* End XCBuildConfiguration section */

/* Begin XCConfigurationList section */
		B965172C1C6672A10071F79A /* Build configuration list for PBXProject "ClassRecommender" */ = {
			isa = XCConfigurationList;
			buildConfigurations = (
				B96517411C6672A10071F79A /* Debug */,
				B96517421C6672A10071F79A /* Release */,
			);
			defaultConfigurationIsVisible = 0;
			defaultConfigurationName = Release;
		};
		B96517431C6672A10071F79A /* Build configuration list for PBXNativeTarget "ClassRecommender" */ = {
			isa = XCConfigurationList;
			buildConfigurations = (
				B96517441C6672A10071F79A /* Debug */,
				B96517451C6672A10071F79A /* Release */,
			);
			defaultConfigurationIsVisible = 0;
			defaultConfigurationName = Release;
		};
/* End XCConfigurationList section */
	};
	rootObject = B96517291C6672A10071F79A /* Project object */;
}
